// !$*UTF8*$!
{
	archiveVersion = 1;
	classes = {
	};
	objectVersion = 46;
	objects = {

/* Begin PBXBuildFile section */
		993D9C25163746D200A7736D /* UIKit.framework in Frameworks */ = {isa = PBXBuildFile; fileRef = 993D9C24163746D200A7736D /* UIKit.framework */; };
		993D9C27163746D200A7736D /* Foundation.framework in Frameworks */ = {isa = PBXBuildFile; fileRef = 993D9C26163746D200A7736D /* Foundation.framework */; };
		993D9C29163746D200A7736D /* CoreGraphics.framework in Frameworks */ = {isa = PBXBuildFile; fileRef = 993D9C28163746D200A7736D /* CoreGraphics.framework */; };
		993D9C2F163746D200A7736D /* InfoPlist.strings in Resources */ = {isa = PBXBuildFile; fileRef = 993D9C2D163746D200A7736D /* InfoPlist.strings */; };
		993D9C31163746D200A7736D /* main.m in Sources */ = {isa = PBXBuildFile; fileRef = 993D9C30163746D200A7736D /* main.m */; };
		993D9C35163746D200A7736D /* JPAppDelegate.m in Sources */ = {isa = PBXBuildFile; fileRef = 993D9C34163746D200A7736D /* JPAppDelegate.m */; };
		993D9C37163746D200A7736D /* Default.png in Resources */ = {isa = PBXBuildFile; fileRef = 993D9C36163746D200A7736D /* Default.png */; };
		993D9C39163746D200A7736D /* Default@2x.png in Resources */ = {isa = PBXBuildFile; fileRef = 993D9C38163746D200A7736D /* Default@2x.png */; };
		993D9C3B163746D200A7736D /* Default-568h@2x.png in Resources */ = {isa = PBXBuildFile; fileRef = 993D9C3A163746D200A7736D /* Default-568h@2x.png */; };
		993D9C3E163746D200A7736D /* JPViewController.m in Sources */ = {isa = PBXBuildFile; fileRef = 993D9C3D163746D200A7736D /* JPViewController.m */; };
		993D9C41163746D200A7736D /* JPViewController.xib in Resources */ = {isa = PBXBuildFile; fileRef = 993D9C3F163746D200A7736D /* JPViewController.xib */; };
		993D9C5516375D5800A7736D /* JPPolygonShape.m in Sources */ = {isa = PBXBuildFile; fileRef = 993D9C5416375D5800A7736D /* JPPolygonShape.m */; };
		993D9C59163763ED00A7736D /* JPNode.m in Sources */ = {isa = PBXBuildFile; fileRef = 993D9C58163763ED00A7736D /* JPNode.m */; };
		993D9C5C163764B500A7736D /* JPAlgorithm.m in Sources */ = {isa = PBXBuildFile; fileRef = 993D9C5B163764B500A7736D /* JPAlgorithm.m */; };
		993D9C6B1638A19200A7736D /* JPList.m in Sources */ = {isa = PBXBuildFile; fileRef = 993D9C6A1638A19200A7736D /* JPList.m */; };
/* End PBXBuildFile section */

/* Begin PBXFileReference section */
		993D9C20163746D200A7736D /* JosefusProblem.app */ = {isa = PBXFileReference; explicitFileType = wrapper.application; includeInIndex = 0; path = JosefusProblem.app; sourceTree = BUILT_PRODUCTS_DIR; };
		993D9C24163746D200A7736D /* UIKit.framework */ = {isa = PBXFileReference; lastKnownFileType = wrapper.framework; name = UIKit.framework; path = System/Library/Frameworks/UIKit.framework; sourceTree = SDKROOT; };
		993D9C26163746D200A7736D /* Foundation.framework */ = {isa = PBXFileReference; lastKnownFileType = wrapper.framework; name = Foundation.framework; path = System/Library/Frameworks/Foundation.framework; sourceTree = SDKROOT; };
		993D9C28163746D200A7736D /* CoreGraphics.framework */ = {isa = PBXFileReference; lastKnownFileType = wrapper.framework; name = CoreGraphics.framework; path = System/Library/Frameworks/CoreGraphics.framework; sourceTree = SDKROOT; };
		993D9C2C163746D200A7736D /* JosefusProblem-Info.plist */ = {isa = PBXFileReference; lastKnownFileType = text.plist.xml; path = "JosefusProblem-Info.plist"; sourceTree = "<group>"; };
		993D9C2E163746D200A7736D /* en */ = {isa = PBXFileReference; lastKnownFileType = text.plist.strings; name = en; path = en.lproj/InfoPlist.strings; sourceTree = "<group>"; };
		993D9C30163746D200A7736D /* main.m */ = {isa = PBXFileReference; lastKnownFileType = sourcecode.c.objc; path = main.m; sourceTree = "<group>"; };
		993D9C32163746D200A7736D /* JosefusProblem-Prefix.pch */ = {isa = PBXFileReference; lastKnownFileType = sourcecode.c.h; path = "JosefusProblem-Prefix.pch"; sourceTree = "<group>"; };
		993D9C33163746D200A7736D /* JPAppDelegate.h */ = {isa = PBXFileReference; lastKnownFileType = sourcecode.c.h; path = JPAppDelegate.h; sourceTree = "<group>"; };
		993D9C34163746D200A7736D /* JPAppDelegate.m */ = {isa = PBXFileReference; lastKnownFileType = sourcecode.c.objc; path = JPAppDelegate.m; sourceTree = "<group>"; };
		993D9C36163746D200A7736D /* Default.png */ = {isa = PBXFileReference; lastKnownFileType = image.png; path = Default.png; sourceTree = "<group>"; };
		993D9C38163746D200A7736D /* Default@2x.png */ = {isa = PBXFileReference; lastKnownFileType = image.png; path = "Default@2x.png"; sourceTree = "<group>"; };
		993D9C3A163746D200A7736D /* Default-568h@2x.png */ = {isa = PBXFileReference; lastKnownFileType = image.png; path = "Default-568h@2x.png"; sourceTree = "<group>"; };
		993D9C3C163746D200A7736D /* JPViewController.h */ = {isa = PBXFileReference; lastKnownFileType = sourcecode.c.h; path = JPViewController.h; sourceTree = "<group>"; };
		993D9C3D163746D200A7736D /* JPViewController.m */ = {isa = PBXFileReference; lastKnownFileType = sourcecode.c.objc; path = JPViewController.m; sourceTree = "<group>"; };
		993D9C40163746D200A7736D /* en */ = {isa = PBXFileReference; lastKnownFileType = file.xib; name = en; path = en.lproj/JPViewController.xib; sourceTree = "<group>"; };
		993D9C5316375D5800A7736D /* JPPolygonShape.h */ = {isa = PBXFileReference; fileEncoding = 4; lastKnownFileType = sourcecode.c.h; path = JPPolygonShape.h; sourceTree = "<group>"; };
		993D9C5416375D5800A7736D /* JPPolygonShape.m */ = {isa = PBXFileReference; fileEncoding = 4; lastKnownFileType = sourcecode.c.objc; path = JPPolygonShape.m; sourceTree = "<group>"; };
		993D9C57163763ED00A7736D /* JPNode.h */ = {isa = PBXFileReference; fileEncoding = 4; lastKnownFileType = sourcecode.c.h; path = JPNode.h; sourceTree = "<group>"; };
		993D9C58163763ED00A7736D /* JPNode.m */ = {isa = PBXFileReference; fileEncoding = 4; lastKnownFileType = sourcecode.c.objc; path = JPNode.m; sourceTree = "<group>"; };
		993D9C5A163764B500A7736D /* JPAlgorithm.h */ = {isa = PBXFileReference; fileEncoding = 4; lastKnownFileType = sourcecode.c.h; path = JPAlgorithm.h; sourceTree = "<group>"; };
		993D9C5B163764B500A7736D /* JPAlgorithm.m */ = {isa = PBXFileReference; fileEncoding = 4; lastKnownFileType = sourcecode.c.objc; path = JPAlgorithm.m; sourceTree = "<group>"; };
		993D9C691638A19200A7736D /* JPList.h */ = {isa = PBXFileReference; fileEncoding = 4; lastKnownFileType = sourcecode.c.h; path = JPList.h; sourceTree = "<group>"; };
		993D9C6A1638A19200A7736D /* JPList.m */ = {isa = PBXFileReference; fileEncoding = 4; lastKnownFileType = sourcecode.c.objc; path = JPList.m; sourceTree = "<group>"; };
/* End PBXFileReference section */

/* Begin PBXFrameworksBuildPhase section */
		993D9C1D163746D200A7736D /* Frameworks */ = {
			isa = PBXFrameworksBuildPhase;
			buildActionMask = 2147483647;
			files = (
				993D9C25163746D200A7736D /* UIKit.framework in Frameworks */,
				993D9C27163746D200A7736D /* Foundation.framework in Frameworks */,
				993D9C29163746D200A7736D /* CoreGraphics.framework in Frameworks */,
			);
			runOnlyForDeploymentPostprocessing = 0;
		};
/* End PBXFrameworksBuildPhase section */

/* Begin PBXGroup section */
		993D9C15163746D200A7736D = {
			isa = PBXGroup;
			children = (
				993D9C2A163746D200A7736D /* JosefusProblem */,
				993D9C23163746D200A7736D /* Frameworks */,
				993D9C21163746D200A7736D /* Products */,
			);
			sourceTree = "<group>";
		};
		993D9C21163746D200A7736D /* Products */ = {
			isa = PBXGroup;
			children = (
				993D9C20163746D200A7736D /* JosefusProblem.app */,
			);
			name = Products;
			sourceTree = "<group>";
		};
		993D9C23163746D200A7736D /* Frameworks */ = {
			isa = PBXGroup;
			children = (
				993D9C24163746D200A7736D /* UIKit.framework */,
				993D9C26163746D200A7736D /* Foundation.framework */,
				993D9C28163746D200A7736D /* CoreGraphics.framework */,
			);
			name = Frameworks;
			sourceTree = "<group>";
		};
		993D9C2A163746D200A7736D /* JosefusProblem */ = {
			isa = PBXGroup;
			children = (
				993D9C33163746D200A7736D /* JPAppDelegate.h */,
				993D9C34163746D200A7736D /* JPAppDelegate.m */,
				993D9C3C163746D200A7736D /* JPViewController.h */,
				993D9C3D163746D200A7736D /* JPViewController.m */,
				993D9C5316375D5800A7736D /* JPPolygonShape.h */,
				993D9C5416375D5800A7736D /* JPPolygonShape.m */,
				993D9C57163763ED00A7736D /* JPNode.h */,
				993D9C58163763ED00A7736D /* JPNode.m */,
				993D9C5A163764B500A7736D /* JPAlgorithm.h */,
				993D9C5B163764B500A7736D /* JPAlgorithm.m */,
				993D9C691638A19200A7736D /* JPList.h */,
				993D9C6A1638A19200A7736D /* JPList.m */,
				993D9C3F163746D200A7736D /* JPViewController.xib */,
				993D9C2B163746D200A7736D /* Supporting Files */,
			);
			path = JosefusProblem;
			sourceTree = "<group>";
		};
		993D9C2B163746D200A7736D /* Supporting Files */ = {
			isa = PBXGroup;
			children = (
				993D9C2C163746D200A7736D /* JosefusProblem-Info.plist */,
				993D9C2D163746D200A7736D /* InfoPlist.strings */,
				993D9C30163746D200A7736D /* main.m */,
				993D9C32163746D200A7736D /* JosefusProblem-Prefix.pch */,
				993D9C36163746D200A7736D /* Default.png */,
				993D9C38163746D200A7736D /* Default@2x.png */,
				993D9C3A163746D200A7736D /* Default-568h@2x.png */,
			);
			name = "Supporting Files";
			sourceTree = "<group>";
		};
/* End PBXGroup section */

/* Begin PBXNativeTarget section */
		993D9C1F163746D200A7736D /* JosefusProblem */ = {
			isa = PBXNativeTarget;
			buildConfigurationList = 993D9C44163746D200A7736D /* Build configuration list for PBXNativeTarget "JosefusProblem" */;
			buildPhases = (
				993D9C1C163746D200A7736D /* Sources */,
				993D9C1D163746D200A7736D /* Frameworks */,
				993D9C1E163746D200A7736D /* Resources */,
			);
			buildRules = (
			);
			dependencies = (
			);
			name = JosefusProblem;
			productName = JosefusProblem;
			productReference = 993D9C20163746D200A7736D /* JosefusProblem.app */;
			productType = "com.apple.product-type.application";
		};
/* End PBXNativeTarget section */

/* Begin PBXProject section */
		993D9C17163746D200A7736D /* Project object */ = {
			isa = PBXProject;
			attributes = {
				CLASSPREFIX = JP;
				LastUpgradeCheck = 0450;
				ORGANIZATIONNAME = "Omar Gudino";
			};
			buildConfigurationList = 993D9C1A163746D200A7736D /* Build configuration list for PBXProject "JosefusProblem" */;
			compatibilityVersion = "Xcode 3.2";
			developmentRegion = English;
			hasScannedForEncodings = 0;
			knownRegions = (
				en,
			);
			mainGroup = 993D9C15163746D200A7736D;
			productRefGroup = 993D9C21163746D200A7736D /* Products */;
			projectDirPath = "";
			projectRoot = "";
			targets = (
				993D9C1F163746D200A7736D /* JosefusProblem */,
			);
		};
/* End PBXProject section */

/* Begin PBXResourcesBuildPhase section */
		993D9C1E163746D200A7736D /* Resources */ = {
			isa = PBXResourcesBuildPhase;
			buildActionMask = 2147483647;
			files = (
				993D9C2F163746D200A7736D /* InfoPlist.strings in Resources */,
				993D9C37163746D200A7736D /* Default.png in Resources */,
				993D9C39163746D200A7736D /* Default@2x.png in Resources */,
				993D9C3B163746D200A7736D /* Default-568h@2x.png in Resources */,
				993D9C41163746D200A7736D /* JPViewController.xib in Resources */,
			);
			runOnlyForDeploymentPostprocessing = 0;
		};
/* End PBXResourcesBuildPhase section */

/* Begin PBXSourcesBuildPhase section */
		993D9C1C163746D200A7736D /* Sources */ = {
			isa = PBXSourcesBuildPhase;
			buildActionMask = 2147483647;
			files = (
				993D9C31163746D200A7736D /* main.m in Sources */,
				993D9C35163746D200A7736D /* JPAppDelegate.m in Sources */,
				993D9C3E163746D200A7736D /* JPViewController.m in Sources */,
				993D9C5516375D5800A7736D /* JPPolygonShape.m in Sources */,
				993D9C59163763ED00A7736D /* JPNode.m in Sources */,
				993D9C5C163764B500A7736D /* JPAlgorithm.m in Sources */,
				993D9C6B1638A19200A7736D /* JPList.m in Sources */,
			);
			runOnlyForDeploymentPostprocessing = 0;
		};
/* End PBXSourcesBuildPhase section */

/* Begin PBXVariantGroup section */
		993D9C2D163746D200A7736D /* InfoPlist.strings */ = {
			isa = PBXVariantGroup;
			children = (
				993D9C2E163746D200A7736D /* en */,
			);
			name = InfoPlist.strings;
			sourceTree = "<group>";
		};
		993D9C3F163746D200A7736D /* JPViewController.xib */ = {
			isa = PBXVariantGroup;
			children = (
				993D9C40163746D200A7736D /* en */,
			);
			name = JPViewController.xib;
			sourceTree = "<group>";
		};
/* End PBXVariantGroup section */

/* Begin XCBuildConfiguration section */
		993D9C42163746D200A7736D /* Debug */ = {
			isa = XCBuildConfiguration;
			buildSettings = {
				ALWAYS_SEARCH_USER_PATHS = NO;
				CLANG_CXX_LANGUAGE_STANDARD = "gnu++0x";
				CLANG_CXX_LIBRARY = "libc++";
				CLANG_ENABLE_OBJC_ARC = YES;
				CLANG_WARN_EMPTY_BODY = YES;
				CLANG_WARN__DUPLICATE_METHOD_MATCH = YES;
				"CODE_SIGN_IDENTITY[sdk=iphoneos*]" = "iPhone Developer";
				COPY_PHASE_STRIP = NO;
				GCC_C_LANGUAGE_STANDARD = gnu99;
				GCC_DYNAMIC_NO_PIC = NO;
				GCC_OPTIMIZATION_LEVEL = 0;
				GCC_PREPROCESSOR_DEFINITIONS = (
					"DEBUG=1",
					"$(inherited)",
				);
				GCC_SYMBOLS_PRIVATE_EXTERN = NO;
				GCC_WARN_ABOUT_RETURN_TYPE = YES;
				GCC_WARN_UNINITIALIZED_AUTOS = YES;
				GCC_WARN_UNUSED_VARIABLE = YES;
				IPHONEOS_DEPLOYMENT_TARGET = 6.0;
				ONLY_ACTIVE_ARCH = YES;
				SDKROOT = iphoneos;
				TARGETED_DEVICE_FAMILY = 2;
			};
			name = Debug;
		};
		993D9C43163746D200A7736D /* Release */ = {
			isa = XCBuildConfiguration;
			buildSettings = {
				ALWAYS_SEARCH_USER_PATHS = NO;
				CLANG_CXX_LANGUAGE_STANDARD = "gnu++0x";
				CLANG_CXX_LIBRARY = "libc++";
				CLANG_ENABLE_OBJC_ARC = YES;
				CLANG_WARN_EMPTY_BODY = YES;
				CLANG_WARN__DUPLICATE_METHOD_MATCH = YES;
				"CODE_SIGN_IDENTITY[sdk=iphoneos*]" = "iPhone Developer";
				COPY_PHASE_STRIP = YES;
				GCC_C_LANGUAGE_STANDARD = gnu99;
				GCC_WARN_ABOUT_RETURN_TYPE = YES;
				GCC_WARN_UNINITIALIZED_AUTOS = YES;
				GCC_WARN_UNUSED_VARIABLE = YES;
				IPHONEOS_DEPLOYMENT_TARGET = 6.0;
				OTHER_CFLAGS = "-DNS_BLOCK_ASSERTIONS=1";
				SDKROOT = iphoneos;
				TARGETED_DEVICE_FAMILY = 2;
				VALIDATE_PRODUCT = YES;
			};
			name = Release;
		};
		993D9C45163746D200A7736D /* Debug */ = {
			isa = XCBuildConfiguration;
			buildSettings = {
				GCC_PRECOMPILE_PREFIX_HEADER = YES;
				GCC_PREFIX_HEADER = "JosefusProblem/JosefusProblem-Prefix.pch";
				INFOPLIST_FILE = "JosefusProblem/JosefusProblem-Info.plist";
				PRODUCT_NAME = "$(TARGET_NAME)";
				WRAPPER_EXTENSION = app;
			};
			name = Debug;
		};
		993D9C46163746D200A7736D /* Release */ = {
			isa = XCBuildConfiguration;
			buildSettings = {
				GCC_PRECOMPILE_PREFIX_HEADER = YES;
				GCC_PREFIX_HEADER = "JosefusProblem/JosefusProblem-Prefix.pch";
				INFOPLIST_FILE = "JosefusProblem/JosefusProblem-Info.plist";
				PRODUCT_NAME = "$(TARGET_NAME)";
				WRAPPER_EXTENSION = app;
			};
			name = Release;
		};
/* End XCBuildConfiguration section */

/* Begin XCConfigurationList section */
		993D9C1A163746D200A7736D /* Build configuration list for PBXProject "JosefusProblem" */ = {
			isa = XCConfigurationList;
			buildConfigurations = (
				993D9C42163746D200A7736D /* Debug */,
				993D9C43163746D200A7736D /* Release */,
			);
			defaultConfigurationIsVisible = 0;
			defaultConfigurationName = Release;
		};
		993D9C44163746D200A7736D /* Build configuration list for PBXNativeTarget "JosefusProblem" */ = {
			isa = XCConfigurationList;
			buildConfigurations = (
				993D9C45163746D200A7736D /* Debug */,
				993D9C46163746D200A7736D /* Release */,
			);
			defaultConfigurationIsVisible = 0;
			defaultConfigurationName = Release;
		};
/* End XCConfigurationList section */
	};
	rootObject = 993D9C17163746D200A7736D /* Project object */;
}
